
Microsoft Visual Studio Solution File, Format Version 12.00
# Visual Studio Version 16
VisualStudioVersion = 16.0.31702.278
MinimumVisualStudioVersion = 10.0.40219.1
Project("{9A19103F-16F7-4668-BE54-9A1E7A4F7556}") = "Entities", "Entities\Entities.csproj", "{00BB9BF6-B675-4852-BC19-A12C3BCF14AF}"
EndProject
Project("{9A19103F-16F7-4668-BE54-9A1E7A4F7556}") = "DataAccess", "DataAccess\DataAccess.csproj", "{3B06A616-0E67-434D-A747-1A71D7C41AC0}"
EndProject
Project("{9A19103F-16F7-4668-BE54-9A1E7A4F7556}") = "Bussiness", "Bussiness\Bussiness.csproj", "{42099757-F81F-4969-A103-32ED6A62DAFD}"
EndProject
Project("{9A19103F-16F7-4668-BE54-9A1E7A4F7556}") = "Core", "Core\Core.csproj", "{EFA828AA-10AA-47EB-B2A6-B982CEF177FB}"
EndProject
Project("{FAE04EC0-301F-11D3-BF4B-00C04F79EFBC}") = "WebAPI", "WebAPI\WebAPI.csproj", "{58BB5DFA-7B75-4A4D-86D2-32D55CF587D9}"
EndProject
Global
	GlobalSection(SolutionConfigurationPlatforms) = preSolution
		Debug|Any CPU = Debug|Any CPU
		Release|Any CPU = Release|Any CPU
	EndGlobalSection
	GlobalSection(ProjectConfigurationPlatforms) = postSolution
		{00BB9BF6-B675-4852-BC19-A12C3BCF14AF}.Debug|Any CPU.ActiveCfg = Debug|Any CPU
		{00BB9BF6-B675-4852-BC19-A12C3BCF14AF}.Debug|Any CPU.Build.0 = Debug|Any CPU
		{00BB9BF6-B675-4852-BC19-A12C3BCF14AF}.Release|Any CPU.ActiveCfg = Release|Any CPU
		{00BB9BF6-B675-4852-BC19-A12C3BCF14AF}.Release|Any CPU.Build.0 = Release|Any CPU
		{3B06A616-0E67-434D-A747-1A71D7C41AC0}.Debug|Any CPU.ActiveCfg = Debug|Any CPU
		{3B06A616-0E67-434D-A747-1A71D7C41AC0}.Debug|Any CPU.Build.0 = Debug|Any CPU
		{3B06A616-0E67-434D-A747-1A71D7C41AC0}.Release|Any CPU.ActiveCfg = Release|Any CPU
		{3B06A616-0E67-434D-A747-1A71D7C41AC0}.Release|Any CPU.Build.0 = Release|Any CPU
		{42099757-F81F-4969-A103-32ED6A62DAFD}.Debug|Any CPU.ActiveCfg = Debug|Any CPU
		{42099757-F81F-4969-A103-32ED6A62DAFD}.Debug|Any CPU.Build.0 = Debug|Any CPU
		{42099757-F81F-4969-A103-32ED6A62DAFD}.Release|Any CPU.ActiveCfg = Release|Any CPU
		{42099757-F81F-4969-A103-32ED6A62DAFD}.Release|Any CPU.Build.0 = Release|Any CPU
		{EFA828AA-10AA-47EB-B2A6-B982CEF177FB}.Debug|Any CPU.ActiveCfg = Debug|Any CPU
		{EFA828AA-10AA-47EB-B2A6-B982CEF177FB}.Debug|Any CPU.Build.0 = Debug|Any CPU
		{EFA828AA-10AA-47EB-B2A6-B982CEF177FB}.Release|Any CPU.ActiveCfg = Release|Any CPU
		{EFA828AA-10AA-47EB-B2A6-B982CEF177FB}.Release|Any CPU.Build.0 = Release|Any CPU
		{58BB5DFA-7B75-4A4D-86D2-32D55CF587D9}.Debug|Any CPU.ActiveCfg = Debug|Any CPU
		{58BB5DFA-7B75-4A4D-86D2-32D55CF587D9}.Debug|Any CPU.Build.0 = Debug|Any CPU
		{58BB5DFA-7B75-4A4D-86D2-32D55CF587D9}.Release|Any CPU.ActiveCfg = Release|Any CPU
		{58BB5DFA-7B75-4A4D-86D2-32D55CF587D9}.Release|Any CPU.Build.0 = Release|Any CPU
	EndGlobalSection
	GlobalSection(SolutionProperties) = preSolution
		HideSolutionNode = FALSE
	EndGlobalSection
	GlobalSection(ExtensibilityGlobals) = postSolution
		SolutionGuid = {98871AB7-6242-4CC7-938A-3DCB2C62AD60}
	EndGlobalSection
EndGlobal
